// !$*UTF8*$!
{
	archiveVersion = 1;
	classes = {
	};
	objectVersion = 46;
	objects = {

/* Begin PBXBuildFile section */
		B36AA22A4A497D1E42030618 /* Pods_ChatMessageParser.framework in Frameworks */ = {isa = PBXBuildFile; fileRef = 510B344330CDD9B38CFE77EF /* Pods_ChatMessageParser.framework */; };
		C81DE5CA1C85DB8D005A2F18 /* RegexMatcher.swift in Sources */ = {isa = PBXBuildFile; fileRef = C81DE5C91C85DB8D005A2F18 /* RegexMatcher.swift */; };
		C81DE5CD1C85DDF4005A2F18 /* JSONSerializer.swift in Sources */ = {isa = PBXBuildFile; fileRef = C81DE5CC1C85DDF4005A2F18 /* JSONSerializer.swift */; };
		C81DE5D21C85E0AF005A2F18 /* RegexMatcher.swift in Sources */ = {isa = PBXBuildFile; fileRef = C81DE5C91C85DB8D005A2F18 /* RegexMatcher.swift */; };
		C81DE5D31C85E1B3005A2F18 /* MessageParser.swift in Sources */ = {isa = PBXBuildFile; fileRef = C82A50751C6DC3C5007E2A50 /* MessageParser.swift */; };
		C81DE5D51C85E1DD005A2F18 /* MessageParserTests.swift in Sources */ = {isa = PBXBuildFile; fileRef = C81DE5D41C85E1DD005A2F18 /* MessageParserTests.swift */; };
		C81DE5D61C85E41E005A2F18 /* JSONSerializer.swift in Sources */ = {isa = PBXBuildFile; fileRef = C81DE5CC1C85DDF4005A2F18 /* JSONSerializer.swift */; };
		C82A50541C6DC214007E2A50 /* AppDelegate.swift in Sources */ = {isa = PBXBuildFile; fileRef = C82A50531C6DC214007E2A50 /* AppDelegate.swift */; };
		C82A50561C6DC214007E2A50 /* IntroViewController.swift in Sources */ = {isa = PBXBuildFile; fileRef = C82A50551C6DC214007E2A50 /* IntroViewController.swift */; };
		C82A50591C6DC214007E2A50 /* Main.storyboard in Resources */ = {isa = PBXBuildFile; fileRef = C82A50571C6DC214007E2A50 /* Main.storyboard */; };
		C82A505B1C6DC214007E2A50 /* Assets.xcassets in Resources */ = {isa = PBXBuildFile; fileRef = C82A505A1C6DC214007E2A50 /* Assets.xcassets */; };
		C82A505E1C6DC214007E2A50 /* LaunchScreen.storyboard in Resources */ = {isa = PBXBuildFile; fileRef = C82A505C1C6DC214007E2A50 /* LaunchScreen.storyboard */; };
		C82A50691C6DC214007E2A50 /* RegextMatcherTests.swift in Sources */ = {isa = PBXBuildFile; fileRef = C82A50681C6DC214007E2A50 /* RegextMatcherTests.swift */; };
		C82A50761C6DC3C5007E2A50 /* MessageParser.swift in Sources */ = {isa = PBXBuildFile; fileRef = C82A50751C6DC3C5007E2A50 /* MessageParser.swift */; };
		C84E472D1C86005700DE9536 /* URLTitleGrabber.swift in Sources */ = {isa = PBXBuildFile; fileRef = C84E472C1C86005700DE9536 /* URLTitleGrabber.swift */; };
/* End PBXBuildFile section */

/* Begin PBXContainerItemProxy section */
		C82A50651C6DC214007E2A50 /* PBXContainerItemProxy */ = {
			isa = PBXContainerItemProxy;
			containerPortal = C82A50481C6DC214007E2A50 /* Project object */;
			proxyType = 1;
			remoteGlobalIDString = C82A504F1C6DC214007E2A50;
			remoteInfo = ChatMessageParser;
		};
/* End PBXContainerItemProxy section */

/* Begin PBXFileReference section */
		510B344330CDD9B38CFE77EF /* Pods_ChatMessageParser.framework */ = {isa = PBXFileReference; explicitFileType = wrapper.framework; includeInIndex = 0; path = Pods_ChatMessageParser.framework; sourceTree = BUILT_PRODUCTS_DIR; };
		6DBDBFCC572A3B4EA5843170 /* Pods-ChatMessageParser.release.xcconfig */ = {isa = PBXFileReference; includeInIndex = 1; lastKnownFileType = text.xcconfig; name = "Pods-ChatMessageParser.release.xcconfig"; path = "Pods/Target Support Files/Pods-ChatMessageParser/Pods-ChatMessageParser.release.xcconfig"; sourceTree = "<group>"; };
		9B0EBDD08A61C47F62B40319 /* Pods-ChatMessageParser.debug.xcconfig */ = {isa = PBXFileReference; includeInIndex = 1; lastKnownFileType = text.xcconfig; name = "Pods-ChatMessageParser.debug.xcconfig"; path = "Pods/Target Support Files/Pods-ChatMessageParser/Pods-ChatMessageParser.debug.xcconfig"; sourceTree = "<group>"; };
		C81DE5C81C85D347005A2F18 /* StringsManipulation.playground */ = {isa = PBXFileReference; lastKnownFileType = file.playground; path = StringsManipulation.playground; sourceTree = "<group>"; };
		C81DE5C91C85DB8D005A2F18 /* RegexMatcher.swift */ = {isa = PBXFileReference; fileEncoding = 4; lastKnownFileType = sourcecode.swift; name = RegexMatcher.swift; path = Utils/RegexMatcher.swift; sourceTree = "<group>"; };
		C81DE5CC1C85DDF4005A2F18 /* JSONSerializer.swift */ = {isa = PBXFileReference; fileEncoding = 4; lastKnownFileType = sourcecode.swift; name = JSONSerializer.swift; path = Utils/JSONSerializer.swift; sourceTree = "<group>"; };
		C81DE5D41C85E1DD005A2F18 /* MessageParserTests.swift */ = {isa = PBXFileReference; fileEncoding = 4; lastKnownFileType = sourcecode.swift; path = MessageParserTests.swift; sourceTree = "<group>"; };
		C82A50501C6DC214007E2A50 /* ChatMessageParser.app */ = {isa = PBXFileReference; explicitFileType = wrapper.application; includeInIndex = 0; path = ChatMessageParser.app; sourceTree = BUILT_PRODUCTS_DIR; };
		C82A50531C6DC214007E2A50 /* AppDelegate.swift */ = {isa = PBXFileReference; lastKnownFileType = sourcecode.swift; path = AppDelegate.swift; sourceTree = "<group>"; };
		C82A50551C6DC214007E2A50 /* IntroViewController.swift */ = {isa = PBXFileReference; lastKnownFileType = sourcecode.swift; path = IntroViewController.swift; sourceTree = "<group>"; };
		C82A50581C6DC214007E2A50 /* Base */ = {isa = PBXFileReference; lastKnownFileType = file.storyboard; name = Base; path = Base.lproj/Main.storyboard; sourceTree = "<group>"; };
		C82A505A1C6DC214007E2A50 /* Assets.xcassets */ = {isa = PBXFileReference; lastKnownFileType = folder.assetcatalog; path = Assets.xcassets; sourceTree = "<group>"; };
		C82A505D1C6DC214007E2A50 /* Base */ = {isa = PBXFileReference; lastKnownFileType = file.storyboard; name = Base; path = Base.lproj/LaunchScreen.storyboard; sourceTree = "<group>"; };
		C82A505F1C6DC214007E2A50 /* Info.plist */ = {isa = PBXFileReference; lastKnownFileType = text.plist.xml; path = Info.plist; sourceTree = "<group>"; };
		C82A50641C6DC214007E2A50 /* ChatMessageParserTests.xctest */ = {isa = PBXFileReference; explicitFileType = wrapper.cfbundle; includeInIndex = 0; path = ChatMessageParserTests.xctest; sourceTree = BUILT_PRODUCTS_DIR; };
		C82A50681C6DC214007E2A50 /* RegextMatcherTests.swift */ = {isa = PBXFileReference; lastKnownFileType = sourcecode.swift; path = RegextMatcherTests.swift; sourceTree = "<group>"; };
		C82A506A1C6DC214007E2A50 /* Info.plist */ = {isa = PBXFileReference; lastKnownFileType = text.plist.xml; path = Info.plist; sourceTree = "<group>"; };
		C82A50751C6DC3C5007E2A50 /* MessageParser.swift */ = {isa = PBXFileReference; fileEncoding = 4; lastKnownFileType = sourcecode.swift; path = MessageParser.swift; sourceTree = "<group>"; };
		C84E472C1C86005700DE9536 /* URLTitleGrabber.swift */ = {isa = PBXFileReference; fileEncoding = 4; lastKnownFileType = sourcecode.swift; name = URLTitleGrabber.swift; path = Utils/URLTitleGrabber.swift; sourceTree = "<group>"; };
		C8DF1F471C6E60CE00C4E6C9 /* ChatMessage.playground */ = {isa = PBXFileReference; lastKnownFileType = file.playground; path = ChatMessage.playground; sourceTree = "<group>"; };
/* End PBXFileReference section */

/* Begin PBXFrameworksBuildPhase section */
		C82A504D1C6DC214007E2A50 /* Frameworks */ = {
			isa = PBXFrameworksBuildPhase;
			buildActionMask = 2147483647;
			files = (
				B36AA22A4A497D1E42030618 /* Pods_ChatMessageParser.framework in Frameworks */,
			);
			runOnlyForDeploymentPostprocessing = 0;
		};
		C82A50611C6DC214007E2A50 /* Frameworks */ = {
			isa = PBXFrameworksBuildPhase;
			buildActionMask = 2147483647;
			files = (
			);
			runOnlyForDeploymentPostprocessing = 0;
		};
/* End PBXFrameworksBuildPhase section */

/* Begin PBXGroup section */
		08778168D21C36DCB1DFDAF0 /* Pods */ = {
			isa = PBXGroup;
			children = (
				9B0EBDD08A61C47F62B40319 /* Pods-ChatMessageParser.debug.xcconfig */,
				6DBDBFCC572A3B4EA5843170 /* Pods-ChatMessageParser.release.xcconfig */,
			);
			name = Pods;
			sourceTree = "<group>";
		};
		C81DE5CB1C85DB93005A2F18 /* Utils */ = {
			isa = PBXGroup;
			children = (
				C81DE5C91C85DB8D005A2F18 /* RegexMatcher.swift */,
				C81DE5CC1C85DDF4005A2F18 /* JSONSerializer.swift */,
				C84E472C1C86005700DE9536 /* URLTitleGrabber.swift */,
			);
			name = Utils;
			sourceTree = "<group>";
		};
		C82A50471C6DC214007E2A50 = {
			isa = PBXGroup;
			children = (
				C82A50521C6DC214007E2A50 /* ChatMessageParser */,
				C82A50671C6DC214007E2A50 /* ChatMessageParserTests */,
				C82A50511C6DC214007E2A50 /* Products */,
				08778168D21C36DCB1DFDAF0 /* Pods */,
				F523F666332EBCE63CC7DA79 /* Frameworks */,
			);
			sourceTree = "<group>";
		};
		C82A50511C6DC214007E2A50 /* Products */ = {
			isa = PBXGroup;
			children = (
				C82A50501C6DC214007E2A50 /* ChatMessageParser.app */,
				C82A50641C6DC214007E2A50 /* ChatMessageParserTests.xctest */,
			);
			name = Products;
			sourceTree = "<group>";
		};
		C82A50521C6DC214007E2A50 /* ChatMessageParser */ = {
			isa = PBXGroup;
			children = (
				C82A50571C6DC214007E2A50 /* Main.storyboard */,
				C82A50771C6DC3D3007E2A50 /* Services */,
				C81DE5CB1C85DB93005A2F18 /* Utils */,
				C82A50741C6DC36F007E2A50 /* View Controllers */,
				C82A50731C6DC347007E2A50 /* Supporting Files */,
			);
			path = ChatMessageParser;
			sourceTree = "<group>";
		};
		C82A50671C6DC214007E2A50 /* ChatMessageParserTests */ = {
			isa = PBXGroup;
			children = (
				C82A50681C6DC214007E2A50 /* RegextMatcherTests.swift */,
				C81DE5D41C85E1DD005A2F18 /* MessageParserTests.swift */,
				C82A506A1C6DC214007E2A50 /* Info.plist */,
			);
			path = ChatMessageParserTests;
			sourceTree = "<group>";
		};
		C82A50731C6DC347007E2A50 /* Supporting Files */ = {
			isa = PBXGroup;
			children = (
				C82A50531C6DC214007E2A50 /* AppDelegate.swift */,
				C82A505A1C6DC214007E2A50 /* Assets.xcassets */,
				C82A505C1C6DC214007E2A50 /* LaunchScreen.storyboard */,
				C82A505F1C6DC214007E2A50 /* Info.plist */,
				C81DE5C81C85D347005A2F18 /* StringsManipulation.playground */,
				C8DF1F471C6E60CE00C4E6C9 /* ChatMessage.playground */,
			);
			name = "Supporting Files";
			sourceTree = "<group>";
		};
		C82A50741C6DC36F007E2A50 /* View Controllers */ = {
			isa = PBXGroup;
			children = (
				C82A50551C6DC214007E2A50 /* IntroViewController.swift */,
			);
			name = "View Controllers";
			sourceTree = "<group>";
		};
		C82A50771C6DC3D3007E2A50 /* Services */ = {
			isa = PBXGroup;
			children = (
				C82A50751C6DC3C5007E2A50 /* MessageParser.swift */,
			);
			name = Services;
			sourceTree = "<group>";
		};
		F523F666332EBCE63CC7DA79 /* Frameworks */ = {
			isa = PBXGroup;
			children = (
				510B344330CDD9B38CFE77EF /* Pods_ChatMessageParser.framework */,
			);
			name = Frameworks;
			sourceTree = "<group>";
		};
/* End PBXGroup section */

/* Begin PBXNativeTarget section */
		C82A504F1C6DC214007E2A50 /* ChatMessageParser */ = {
			isa = PBXNativeTarget;
			buildConfigurationList = C82A506D1C6DC214007E2A50 /* Build configuration list for PBXNativeTarget "ChatMessageParser" */;
			buildPhases = (
				19211033462D3BB9CB2517BE /* Check Pods Manifest.lock */,
				C82A504C1C6DC214007E2A50 /* Sources */,
				C82A504D1C6DC214007E2A50 /* Frameworks */,
				C82A504E1C6DC214007E2A50 /* Resources */,
				E8DB6A5F750F08294E9BF68A /* Embed Pods Frameworks */,
				9EA007BDAF59E98E68CF4B19 /* Copy Pods Resources */,
			);
			buildRules = (
			);
			dependencies = (
			);
			name = ChatMessageParser;
			productName = ChatMessageParser;
			productReference = C82A50501C6DC214007E2A50 /* ChatMessageParser.app */;
			productType = "com.apple.product-type.application";
		};
		C82A50631C6DC214007E2A50 /* ChatMessageParserTests */ = {
			isa = PBXNativeTarget;
			buildConfigurationList = C82A50701C6DC214007E2A50 /* Build configuration list for PBXNativeTarget "ChatMessageParserTests" */;
			buildPhases = (
				C82A50601C6DC214007E2A50 /* Sources */,
				C82A50611C6DC214007E2A50 /* Frameworks */,
				C82A50621C6DC214007E2A50 /* Resources */,
			);
			buildRules = (
			);
			dependencies = (
				C82A50661C6DC214007E2A50 /* PBXTargetDependency */,
			);
			name = ChatMessageParserTests;
			productName = ChatMessageParserTests;
			productReference = C82A50641C6DC214007E2A50 /* ChatMessageParserTests.xctest */;
			productType = "com.apple.product-type.bundle.unit-test";
		};
/* End PBXNativeTarget section */

/* Begin PBXProject section */
		C82A50481C6DC214007E2A50 /* Project object */ = {
			isa = PBXProject;
			attributes = {
				LastSwiftUpdateCheck = 0720;
				LastUpgradeCheck = 0720;
				ORGANIZATIONNAME = Atlassian;
				TargetAttributes = {
					C82A504F1C6DC214007E2A50 = {
						CreatedOnToolsVersion = 7.2.1;
					};
					C82A50631C6DC214007E2A50 = {
						CreatedOnToolsVersion = 7.2.1;
						TestTargetID = C82A504F1C6DC214007E2A50;
					};
				};
			};
			buildConfigurationList = C82A504B1C6DC214007E2A50 /* Build configuration list for PBXProject "ChatMessageParser" */;
			compatibilityVersion = "Xcode 3.2";
			developmentRegion = English;
			hasScannedForEncodings = 0;
			knownRegions = (
				en,
				Base,
			);
			mainGroup = C82A50471C6DC214007E2A50;
			productRefGroup = C82A50511C6DC214007E2A50 /* Products */;
			projectDirPath = "";
			projectRoot = "";
			targets = (
				C82A504F1C6DC214007E2A50 /* ChatMessageParser */,
				C82A50631C6DC214007E2A50 /* ChatMessageParserTests */,
			);
		};
/* End PBXProject section */

/* Begin PBXResourcesBuildPhase section */
		C82A504E1C6DC214007E2A50 /* Resources */ = {
			isa = PBXResourcesBuildPhase;
			buildActionMask = 2147483647;
			files = (
				C82A505E1C6DC214007E2A50 /* LaunchScreen.storyboard in Resources */,
				C82A505B1C6DC214007E2A50 /* Assets.xcassets in Resources */,
				C82A50591C6DC214007E2A50 /* Main.storyboard in Resources */,
			);
			runOnlyForDeploymentPostprocessing = 0;
		};
		C82A50621C6DC214007E2A50 /* Resources */ = {
			isa = PBXResourcesBuildPhase;
			buildActionMask = 2147483647;
			files = (
			);
			runOnlyForDeploymentPostprocessing = 0;
		};
/* End PBXResourcesBuildPhase section */

/* Begin PBXShellScriptBuildPhase section */
		19211033462D3BB9CB2517BE /* Check Pods Manifest.lock */ = {
			isa = PBXShellScriptBuildPhase;
			buildActionMask = 2147483647;
			files = (
			);
			inputPaths = (
			);
			name = "Check Pods Manifest.lock";
			outputPaths = (
			);
			runOnlyForDeploymentPostprocessing = 0;
			shellPath = /bin/sh;
			shellScript = "diff \"${PODS_ROOT}/../Podfile.lock\" \"${PODS_ROOT}/Manifest.lock\" > /dev/null\nif [[ $? != 0 ]] ; then\n    cat << EOM\nerror: The sandbox is not in sync with the Podfile.lock. Run 'pod install' or update your CocoaPods installation.\nEOM\n    exit 1\nfi\n";
			showEnvVarsInLog = 0;
		};
		9EA007BDAF59E98E68CF4B19 /* Copy Pods Resources */ = {
			isa = PBXShellScriptBuildPhase;
			buildActionMask = 2147483647;
			files = (
			);
			inputPaths = (
			);
			name = "Copy Pods Resources";
			outputPaths = (
			);
			runOnlyForDeploymentPostprocessing = 0;
			shellPath = /bin/sh;
			shellScript = "\"${SRCROOT}/Pods/Target Support Files/Pods-ChatMessageParser/Pods-ChatMessageParser-resources.sh\"\n";
			showEnvVarsInLog = 0;
		};
		E8DB6A5F750F08294E9BF68A /* Embed Pods Frameworks */ = {
			isa = PBXShellScriptBuildPhase;
			buildActionMask = 2147483647;
			files = (
			);
			inputPaths = (
			);
			name = "Embed Pods Frameworks";
			outputPaths = (
			);
			runOnlyForDeploymentPostprocessing = 0;
			shellPath = /bin/sh;
			shellScript = "\"${SRCROOT}/Pods/Target Support Files/Pods-ChatMessageParser/Pods-ChatMessageParser-frameworks.sh\"\n";
			showEnvVarsInLog = 0;
		};
/* End PBXShellScriptBuildPhase section */

/* Begin PBXSourcesBuildPhase section */
		C82A504C1C6DC214007E2A50 /* Sources */ = {
			isa = PBXSourcesBuildPhase;
			buildActionMask = 2147483647;
			files = (
				C84E472D1C86005700DE9536 /* URLTitleGrabber.swift in Sources */,
				C81DE5CD1C85DDF4005A2F18 /* JSONSerializer.swift in Sources */,
				C81DE5CA1C85DB8D005A2F18 /* RegexMatcher.swift in Sources */,
				C82A50561C6DC214007E2A50 /* IntroViewController.swift in Sources */,
				C82A50541C6DC214007E2A50 /* AppDelegate.swift in Sources */,
				C82A50761C6DC3C5007E2A50 /* MessageParser.swift in Sources */,
			);
			runOnlyForDeploymentPostprocessing = 0;
		};
		C82A50601C6DC214007E2A50 /* Sources */ = {
			isa = PBXSourcesBuildPhase;
			buildActionMask = 2147483647;
			files = (
				C81DE5D61C85E41E005A2F18 /* JSONSerializer.swift in Sources */,
				C81DE5D51C85E1DD005A2F18 /* MessageParserTests.swift in Sources */,
				C81DE5D21C85E0AF005A2F18 /* RegexMatcher.swift in Sources */,
				C82A50691C6DC214007E2A50 /* RegextMatcherTests.swift in Sources */,
				C81DE5D31C85E1B3005A2F18 /* MessageParser.swift in Sources */,
			);
			runOnlyForDeploymentPostprocessing = 0;
		};
/* End PBXSourcesBuildPhase section */

/* Begin PBXTargetDependency section */
		C82A50661C6DC214007E2A50 /* PBXTargetDependency */ = {
			isa = PBXTargetDependency;
			target = C82A504F1C6DC214007E2A50 /* ChatMessageParser */;
			targetProxy = C82A50651C6DC214007E2A50 /* PBXContainerItemProxy */;
		};
/* End PBXTargetDependency section */

/* Begin PBXVariantGroup section */
		C82A50571C6DC214007E2A50 /* Main.storyboard */ = {
			isa = PBXVariantGroup;
			children = (
				C82A50581C6DC214007E2A50 /* Base */,
			);
			name = Main.storyboard;
			sourceTree = "<group>";
		};
		C82A505C1C6DC214007E2A50 /* LaunchScreen.storyboard */ = {
			isa = PBXVariantGroup;
			children = (
				C82A505D1C6DC214007E2A50 /* Base */,
			);
			name = LaunchScreen.storyboard;
			sourceTree = "<group>";
		};
/* End PBXVariantGroup section */

/* Begin XCBuildConfiguration section */
		C82A506B1C6DC214007E2A50 /* Debug */ = {
			isa = XCBuildConfiguration;
			buildSettings = {
				ALWAYS_SEARCH_USER_PATHS = NO;
				CLANG_CXX_LANGUAGE_STANDARD = "gnu++0x";
				CLANG_CXX_LIBRARY = "libc++";
				CLANG_ENABLE_MODULES = YES;
				CLANG_ENABLE_OBJC_ARC = YES;
				CLANG_WARN_BOOL_CONVERSION = YES;
				CLANG_WARN_CONSTANT_CONVERSION = YES;
				CLANG_WARN_DIRECT_OBJC_ISA_USAGE = YES_ERROR;
				CLANG_WARN_EMPTY_BODY = YES;
				CLANG_WARN_ENUM_CONVERSION = YES;
				CLANG_WARN_INT_CONVERSION = YES;
				CLANG_WARN_OBJC_ROOT_CLASS = YES_ERROR;
				CLANG_WARN_UNREACHABLE_CODE = YES;
				CLANG_WARN__DUPLICATE_METHOD_MATCH = YES;
				"CODE_SIGN_IDENTITY[sdk=iphoneos*]" = "iPhone Developer";
				COPY_PHASE_STRIP = NO;
				DEBUG_INFORMATION_FORMAT = dwarf;
				ENABLE_STRICT_OBJC_MSGSEND = YES;
				ENABLE_TESTABILITY = YES;
				GCC_C_LANGUAGE_STANDARD = gnu99;
				GCC_DYNAMIC_NO_PIC = NO;
				GCC_NO_COMMON_BLOCKS = YES;
				GCC_OPTIMIZATION_LEVEL = 0;
				GCC_PREPROCESSOR_DEFINITIONS = (
					"DEBUG=1",
					"$(inherited)",
				);
				GCC_WARN_64_TO_32_BIT_CONVERSION = YES;
				GCC_WARN_ABOUT_RETURN_TYPE = YES_ERROR;
				GCC_WARN_UNDECLARED_SELECTOR = YES;
				GCC_WARN_UNINITIALIZED_AUTOS = YES_AGGRESSIVE;
				GCC_WARN_UNUSED_FUNCTION = YES;
				GCC_WARN_UNUSED_VARIABLE = YES;
				IPHONEOS_DEPLOYMENT_TARGET = 9.2;
				MTL_ENABLE_DEBUG_INFO = YES;
				ONLY_ACTIVE_ARCH = YES;
				SDKROOT = iphoneos;
				SWIFT_OPTIMIZATION_LEVEL = "-Onone";
			};
			name = Debug;
		};
		C82A506C1C6DC214007E2A50 /* Release */ = {
			isa = XCBuildConfiguration;
			buildSettings = {
				ALWAYS_SEARCH_USER_PATHS = NO;
				CLANG_CXX_LANGUAGE_STANDARD = "gnu++0x";
				CLANG_CXX_LIBRARY = "libc++";
				CLANG_ENABLE_MODULES = YES;
				CLANG_ENABLE_OBJC_ARC = YES;
				CLANG_WARN_BOOL_CONVERSION = YES;
				CLANG_WARN_CONSTANT_CONVERSION = YES;
				CLANG_WARN_DIRECT_OBJC_ISA_USAGE = YES_ERROR;
				CLANG_WARN_EMPTY_BODY = YES;
				CLANG_WARN_ENUM_CONVERSION = YES;
				CLANG_WARN_INT_CONVERSION = YES;
				CLANG_WARN_OBJC_ROOT_CLASS = YES_ERROR;
				CLANG_WARN_UNREACHABLE_CODE = YES;
				CLANG_WARN__DUPLICATE_METHOD_MATCH = YES;
				"CODE_SIGN_IDENTITY[sdk=iphoneos*]" = "iPhone Developer";
				COPY_PHASE_STRIP = NO;
				DEBUG_INFORMATION_FORMAT = "dwarf-with-dsym";
				ENABLE_NS_ASSERTIONS = NO;
				ENABLE_STRICT_OBJC_MSGSEND = YES;
				GCC_C_LANGUAGE_STANDARD = gnu99;
				GCC_NO_COMMON_BLOCKS = YES;
				GCC_WARN_64_TO_32_BIT_CONVERSION = YES;
				GCC_WARN_ABOUT_RETURN_TYPE = YES_ERROR;
				GCC_WARN_UNDECLARED_SELECTOR = YES;
				GCC_WARN_UNINITIALIZED_AUTOS = YES_AGGRESSIVE;
				GCC_WARN_UNUSED_FUNCTION = YES;
				GCC_WARN_UNUSED_VARIABLE = YES;
				IPHONEOS_DEPLOYMENT_TARGET = 9.2;
				MTL_ENABLE_DEBUG_INFO = NO;
				SDKROOT = iphoneos;
				VALIDATE_PRODUCT = YES;
			};
			name = Release;
		};
		C82A506E1C6DC214007E2A50 /* Debug */ = {
			isa = XCBuildConfiguration;
			baseConfigurationReference = 9B0EBDD08A61C47F62B40319 /* Pods-ChatMessageParser.debug.xcconfig */;
			buildSettings = {
				ASSETCATALOG_COMPILER_APPICON_NAME = AppIcon;
				INFOPLIST_FILE = ChatMessageParser/Info.plist;
				LD_RUNPATH_SEARCH_PATHS = "$(inherited) @executable_path/Frameworks";
				PRODUCT_BUNDLE_IDENTIFIER = com.atlasian.ChatMessageParser;
				PRODUCT_NAME = "$(TARGET_NAME)";
			};
			name = Debug;
		};
		C82A506F1C6DC214007E2A50 /* Release */ = {
			isa = XCBuildConfiguration;
			baseConfigurationReference = 6DBDBFCC572A3B4EA5843170 /* Pods-ChatMessageParser.release.xcconfig */;
			buildSettings = {
				ASSETCATALOG_COMPILER_APPICON_NAME = AppIcon;
				INFOPLIST_FILE = ChatMessageParser/Info.plist;
				LD_RUNPATH_SEARCH_PATHS = "$(inherited) @executable_path/Frameworks";
				PRODUCT_BUNDLE_IDENTIFIER = com.atlasian.ChatMessageParser;
				PRODUCT_NAME = "$(TARGET_NAME)";
			};
			name = Release;
		};
		C82A50711C6DC214007E2A50 /* Debug */ = {
			isa = XCBuildConfiguration;
			buildSettings = {
				BUNDLE_LOADER = "$(TEST_HOST)";
				INFOPLIST_FILE = ChatMessageParserTests/Info.plist;
				LD_RUNPATH_SEARCH_PATHS = "$(inherited) @executable_path/Frameworks @loader_path/Frameworks";
				PRODUCT_BUNDLE_IDENTIFIER = com.atlasian.ChatMessageParserTests;
				PRODUCT_NAME = "$(TARGET_NAME)";
				TEST_HOST = "$(BUILT_PRODUCTS_DIR)/ChatMessageParser.app/ChatMessageParser";
			};
			name = Debug;
		};
		C82A50721C6DC214007E2A50 /* Release */ = {
			isa = XCBuildConfiguration;
			buildSettings = {
				BUNDLE_LOADER = "$(TEST_HOST)";
				INFOPLIST_FILE = ChatMessageParserTests/Info.plist;
				LD_RUNPATH_SEARCH_PATHS = "$(inherited) @executable_path/Frameworks @loader_path/Frameworks";
				PRODUCT_BUNDLE_IDENTIFIER = com.atlasian.ChatMessageParserTests;
				PRODUCT_NAME = "$(TARGET_NAME)";
				TEST_HOST = "$(BUILT_PRODUCTS_DIR)/ChatMessageParser.app/ChatMessageParser";
			};
			name = Release;
		};
/* End XCBuildConfiguration section */

/* Begin XCConfigurationList section */
		C82A504B1C6DC214007E2A50 /* Build configuration list for PBXProject "ChatMessageParser" */ = {
			isa = XCConfigurationList;
			buildConfigurations = (
				C82A506B1C6DC214007E2A50 /* Debug */,
				C82A506C1C6DC214007E2A50 /* Release */,
			);
			defaultConfigurationIsVisible = 0;
			defaultConfigurationName = Release;
		};
		C82A506D1C6DC214007E2A50 /* Build configuration list for PBXNativeTarget "ChatMessageParser" */ = {
			isa = XCConfigurationList;
			buildConfigurations = (
				C82A506E1C6DC214007E2A50 /* Debug */,
				C82A506F1C6DC214007E2A50 /* Release */,
			);
			defaultConfigurationIsVisible = 0;
			defaultConfigurationName = Release;
		};
		C82A50701C6DC214007E2A50 /* Build configuration list for PBXNativeTarget "ChatMessageParserTests" */ = {
			isa = XCConfigurationList;
			buildConfigurations = (
				C82A50711C6DC214007E2A50 /* Debug */,
				C82A50721C6DC214007E2A50 /* Release */,
			);
			defaultConfigurationIsVisible = 0;
			defaultConfigurationName = Release;
		};
/* End XCConfigurationList section */
	};
	rootObject = C82A50481C6DC214007E2A50 /* Project object */;
}
